[ "cowboy": {:git, "git://github.com/extend/cowboy.git", "903594bb8709db4fa98697ecf8adbdccabf64a83", []},
  "cowlib": {:git, "git://github.com/extend/cowlib.git", "2e0fc55f71bfeb543fd2218abed85890ff1e3e82", [ref: "0.5.0"]},
  "inflex": {:git, "git://github.com/nurugger07/inflex.git", "36511e05f462c1dd77e6134e288c646bc7b7d047", []},
  "phoenix": {:git, "git://github.com/phoenixframework/phoenix.git", "3c40dd5b624e5d7929cafc054cddfcc5f1990378", []},
  "plug": {:git, "git://github.com/elixir-lang/plug.git", "be264547dc45d1fce756794ae39df01ed2f53677", []},
  "ranch": {:git, "git://github.com/extend/ranch.git", "5df1f222f94e08abdcab7084f5e13027143cc222", [ref: "0.9.0"]} ]
